{"SurveyEntry":{"SurveyID":"SV_2bFikSJluAYAGB7","SurveyName":"TS51_S1_Verschuere_DUC","SurveyDescription":null,"SurveyOwnerID":"UR_6mwCPF7NpiWWddb","SurveyBrandID":"nlpsych","DivisionID":null,"SurveyLanguage":"EN","SurveyActiveResponseSet":"RS_8Bt16QGA1cAVgSV","SurveyStatus":"Active","SurveyStartDate":"0000-00-00 00:00:00","SurveyExpirationDate":"0000-00-00 00:00:00","SurveyCreationDate":"2019-03-01 06:39:42","CreatorID":"UR_6mwCPF7NpiWWddb","LastModified":"2019-03-01 09:16:50","LastAccessed":"0000-00-00 00:00:00","LastActivated":"2019-03-01 06:41:49","Deleted":null},"SurveyElements":[{"SurveyID":"SV_2bFikSJluAYAGB7","Element":"BL","PrimaryAttribute":"Survey Blocks","SecondaryAttribute":null,"TertiaryAttribute":null,"Payload":{"0":{"Type":"Default","Description":"Welcome block","ID":"BL_bBGRLGIt31Z8uax","BlockElements":[],"Options":{"BlockLocking":"false","RandomizeQuestions":"false","BlockVisibility":"Expanded"}},"1":{"Type":"Trash","Description":"Trash \/ Unused Questions","ID":"BL_af7G9rfxFOgF1yZ","BlockElements":[{"Type":"Question","QuestionID":"QID18"},{"Type":"Question","QuestionID":"QID24"},{"Type":"Question","QuestionID":"QID17"},{"Type":"Question","QuestionID":"QID19"},{"Type":"Question","QuestionID":"QID20"},{"Type":"Question","QuestionID":"QID22"},{"Type":"Question","QuestionID":"QID25"},{"Type":"Question","QuestionID":"QID26"},{"Type":"Question","QuestionID":"QID27"},{"Type":"Question","QuestionID":"QID32"},{"Type":"Question","QuestionID":"QID1"}]},"3":{"Type":"Standard","SubType":"","Description":"No time pressure block 2","ID":"BL_agW8Dpmpqowawex","BlockElements":[{"Type":"Question","QuestionID":"QID21"},{"Type":"Question","QuestionID":"QID11"}]},"4":{"Type":"Standard","SubType":"","Description":"Instructions block","ID":"BL_4NKYdVyEaf1HSLz","BlockElements":[{"Type":"Question","QuestionID":"QID2"}]},"5":{"Type":"Standard","SubType":"","Description":"Time pressure block 1","ID":"BL_9tu1g2OKVFFWse1","BlockElements":[{"Type":"Question","QuestionID":"QID5"},{"Type":"Question","QuestionID":"QID13"}]},"6":{"Type":"Standard","SubType":"","Description":"Time pressure block 2","ID":"BL_1ZmgbminIhg5wsR","BlockElements":[{"Type":"Question","QuestionID":"QID15"},{"Type":"Question","QuestionID":"QID12"}]},"7":{"Type":"Standard","SubType":"","Description":"No time pressure block 1","ID":"BL_ac2QpBFyOE5IMmN","BlockElements":[{"Type":"Question","QuestionID":"QID6"},{"Type":"Question","QuestionID":"QID10"}]},"10":{"Type":"Standard","Description":"Default Question Block","ID":"BL_2f6zPPV4gxb6mRD","BlockElements":[{"Type":"Question","QuestionID":"QID23"}]},"11":{"Type":"Standard","SubType":"","Description":"Block 8","ID":"BL_9WZn6TTJErIcJTL","BlockElements":[{"Type":"Question","QuestionID":"QID28"},{"Type":"Question","QuestionID":"QID31"},{"Type":"Question","QuestionID":"QID30"},{"Type":"Question","QuestionID":"QID29"}]}}},{"SurveyID":"SV_2bFikSJluAYAGB7","Element":"FL","PrimaryAttribute":"Survey Flow","SecondaryAttribute":null,"TertiaryAttribute":null,"Payload":{"Type":"Root","FlowID":"FL_1","Flow":[{"Type":"EmbeddedData","FlowID":"FL_18","EmbeddedData":[{"Description":"prj_id","Type":"Recipient","Field":"prj_id","VariableType":"String","DataVisibility":[],"AnalyzeText":false},{"Description":"usr_id","Type":"Recipient","Field":"usr_id","VariableType":"String","DataVisibility":[],"AnalyzeText":false},{"Description":"pp_name","Type":"Recipient","Field":"pp_name","VariableType":"String","DataVisibility":[],"AnalyzeText":false},{"Description":"pp_id","Type":"Recipient","Field":"pp_id","VariableType":"String","DataVisibility":[],"AnalyzeText":false}]},{"Type":"Block","ID":"BL_bBGRLGIt31Z8uax","FlowID":"FL_2"},{"Type":"Standard","ID":"BL_4NKYdVyEaf1HSLz","FlowID":"FL_3"},{"Type":"BlockRandomizer","FlowID":"FL_4","SubSet":1,"EvenPresentation":true,"Flow":[{"Type":"Standard","ID":"BL_ac2QpBFyOE5IMmN","FlowID":"FL_12"},{"Type":"Standard","ID":"BL_9tu1g2OKVFFWse1","FlowID":"FL_13"}]},{"Type":"Branch","FlowID":"FL_5","Description":"New Branch","BranchLogic":{"0":{"0":{"LogicType":"Question","QuestionID":"QID13","QuestionIsInLoop":"no","ChoiceLocator":"q:\/\/QID13\/DisplayableQuestion\/1","Operator":"Displayed","QuestionIDFromLocator":"QID13","LeftOperand":"q:\/\/QID13\/QuestionDisplayed","Type":"Expression","Description":"<span class=\"ConjDesc\">If<\/span> <span class=\"QuestionDesc\">Press next when you are ready to roll the dice and start the experiment.<\/span> <span class=\"LeftOpDesc\"><\/span> <span class=\"OpDesc\">Is Displayed<\/span> "},"Type":"If"},"Type":"BooleanExpression"},"Flow":[{"Type":"Standard","ID":"BL_1ZmgbminIhg5wsR","FlowID":"FL_11"}]},{"Type":"Branch","FlowID":"FL_6","Description":"New Branch","BranchLogic":{"0":{"0":{"LogicType":"Question","QuestionID":"QID10","QuestionIsInLoop":"no","ChoiceLocator":"q:\/\/QID10\/DisplayableQuestion\/1","Operator":"Displayed","QuestionIDFromLocator":"QID10","LeftOperand":"q:\/\/QID10\/QuestionDisplayed","Type":"Expression","Description":"<span class=\"ConjDesc\">If<\/span> <span class=\"QuestionDesc\">Press next when you are ready to roll the dice and start the experiment.<\/span> <span class=\"LeftOpDesc\"><\/span> <span class=\"OpDesc\">Is Displayed<\/span> "},"Type":"If"},"Type":"BooleanExpression"},"Flow":[{"Type":"Standard","ID":"BL_agW8Dpmpqowawex","FlowID":"FL_10"}]},{"Type":"Block","ID":"BL_2f6zPPV4gxb6mRD","FlowID":"FL_9"},{"Type":"Standard","ID":"BL_9WZn6TTJErIcJTL","FlowID":"FL_17"}],"Properties":{"Count":21,"RemovedFieldsets":[]}}},{"SurveyID":"SV_2bFikSJluAYAGB7","Element":"SO","PrimaryAttribute":"Survey Options","SecondaryAttribute":null,"TertiaryAttribute":null,"Payload":{"BackButton":"false","SaveAndContinue":"true","SurveyProtection":"PublicSurvey","BallotBoxStuffingPrevention":"false","NoIndex":"Yes","SecureResponseFiles":"true","SurveyExpiration":null,"SurveyTermination":"Redirect","Header":"","Footer":"","ProgressBarDisplay":"None","PartialData":"+1 week","ValidationMessage":null,"PreviousButton":" \u2190 ","NextButton":" \u2192 ","SkinLibrary":"nlpsych","SkinType":"MQ","Skin":"skin1","NewScoring":1,"QuestionsPerPage":"4","CustomStyles":{"customCSS":"div#message.END_OF_SURVEY a\n{ display: none; }"},"headerMid":"","EOSMessage":"","ShowExportTags":"false","CollectGeoLocation":"false","SurveyTitle":"Online Survey Software | Qualtrics Survey Solutions","SurveyMetaDescription":"Qualtrics sophisticated online survey software solutions make creating online surveys easy. Learn more about Research Suite and get a free account today.","PasswordProtection":"No","AnonymizeResponse":"No","Password":"","RefererCheck":"No","RefererURL":"http:\/\/","RecaptchaV3":"false","RelevantID":"false","ResponseSummary":"No","EOSMessageLibrary":"","EOSRedirectURL":"https:\/\/www.lab.uva.nl\/test\/tst_performance.php?prj_id=${e:\/\/Field\/prj_id}&usr_id=${e:\/\/Field\/usr_id}","EmailThankYou":"false","ThankYouEmailMessageLibrary":null,"ThankYouEmailMessage":null,"ValidateMessage":"false","ValidationMessageLibrary":null,"InactiveSurvey":"DefaultMessage","PartialDataCloseAfter":"LastActivity","ActiveResponseSet":null,"InactiveMessageLibrary":"","InactiveMessage":"","AvailableLanguages":{"EN":[]},"ProtectSelectionIds":true}},{"SurveyID":"SV_2bFikSJluAYAGB7","Element":"SCO","PrimaryAttribute":"Scoring","SecondaryAttribute":null,"TertiaryAttribute":null,"Payload":{"ScoringCategories":[{"ID":"SC_01ayepg1S9zvLRb","Name":"Score","Description":""}],"ScoringCategoryGroups":[],"DefaultScoringCategory":"SC_01ayepg1S9zvLRb","ScoringSummaryCategory":null,"ScoringSummaryAfterQuestions":0,"ScoringSummaryAfterSurvey":0,"AutoScoringCategory":null}},{"SurveyID":"SV_2bFikSJluAYAGB7","Element":"PROJ","PrimaryAttribute":"CORE","SecondaryAttribute":null,"TertiaryAttribute":"1.1.0","Payload":{"ProjectCategory":"CORE","SchemaVersion":"1.1.0"}},{"SurveyID":"SV_2bFikSJluAYAGB7","Element":"STAT","PrimaryAttribute":"Survey Statistics","SecondaryAttribute":null,"TertiaryAttribute":null,"Payload":{"MobileCompatible":true,"ID":"Survey Statistics"}},{"SurveyID":"SV_2bFikSJluAYAGB7","Element":"SQ","PrimaryAttribute":"QID11","SecondaryAttribute":" ","TertiaryAttribute":null,"Payload":{"QuestionText":"<div style=\"text-align: center;\"><img height=\"102\" src=\"https:\/\/nlpsych.eu.qualtrics.com\/CP\/Graphic.php?IM=IM_5gQmshhRM1VSzRj\" style=\"width: 70px; height: 102px;\" width=\"70\" \/><\/div>","DefaultChoices":false,"DataExportTag":"Dice_Outcome_No_Time","QuestionID":"QID11","QuestionType":"Matrix","Selector":"Likert","SubSelector":"SingleAnswer","DataVisibility":{"Private":false,"Hidden":false},"Configuration":{"QuestionDescriptionOption":"UseText","TextPosition":"inline","ChoiceColumnWidth":25,"RepeatHeaders":"none","WhiteSpace":"OFF","MobileFirst":true},"QuestionDescription":" ","Choices":{"1":{"Display":"The results of my dice roll is"}},"ChoiceOrder":[1],"Validation":{"Settings":{"ForceResponse":"ON","ForceResponseType":"ON","Type":"None"}},"GradingData":[],"Language":[],"NextChoiceId":2,"NextAnswerId":7,"Answers":{"1":{"Display":"1"},"2":{"Display":"2"},"3":{"Display":"3"},"4":{"Display":"4"},"5":{"Display":"5"},"6":{"Display":"6"}},"AnswerOrder":[1,2,3,4,5,6],"ChoiceDataExportTags":false}},{"SurveyID":"SV_2bFikSJluAYAGB7","Element":"QC","PrimaryAttribute":"Survey Question Count","SecondaryAttribute":"32","TertiaryAttribute":null,"Payload":null},{"SurveyID":"SV_2bFikSJluAYAGB7","Element":"SQ","PrimaryAttribute":"QID2","SecondaryAttribute":"\u00a0 \u00a0 \u00a0 \u00a0 \u00a0 \u00a0 \u00a0 \u00a0 \u00a0 \u00a0 \u00a0 \u00a0 \u00a0 \u00a0 \u00a0 \u00a0 \u00a0 \u00a0 \u00a0 \u00a0 \u00a0 \u00a0 \u00a0 \u00a0 \u00a0Dice Roll Experiment \u00a0 We","TertiaryAttribute":null,"Payload":{"QuestionText":"<p><strong><span style=\"font-size:14.0pt;line-height:107%\">&nbsp; &nbsp; &nbsp; &nbsp; &nbsp; &nbsp; &nbsp; &nbsp; &nbsp; &nbsp; &nbsp; &nbsp; &nbsp; &nbsp; &nbsp; &nbsp; &nbsp; &nbsp; &nbsp; &nbsp; &nbsp; &nbsp; &nbsp; &nbsp; &nbsp;Dice Roll Experiment<o:p><\/o:p><\/span><\/strong><\/p>\n\n<p>&nbsp;<\/p>\n\n<p><span style=\"font-size:19px;\"><span style=\"line-height: 107%;\">Welcome! In the following experiment you will be asked to roll a dice in order to determine how much money you will receive.&nbsp;<\/span><\/span><span style=\"font-size:14.0pt;line-height:107%\"><o:p><\/o:p><\/span><\/p>\n\n<p>&nbsp;<\/p>\n\n<p><span style=\"font-size:19px;\"><span style=\"line-height: 107%;\">First, to check that the dice you will use are fair, you and all other participants in the experiment are welcome to try rolling the dice and seeing for yourself.&nbsp;<\/span><\/span><\/p>","DefaultChoices":false,"DataExportTag":"Q2","QuestionType":"DB","Selector":"TB","Configuration":{"QuestionDescriptionOption":"UseText"},"QuestionDescription":"\u00a0 \u00a0 \u00a0 \u00a0 \u00a0 \u00a0 \u00a0 \u00a0 \u00a0 \u00a0 \u00a0 \u00a0 \u00a0 \u00a0 \u00a0 \u00a0 \u00a0 \u00a0 \u00a0 \u00a0 \u00a0 \u00a0 \u00a0 \u00a0 \u00a0Dice Roll Experiment \u00a0 Welcome! In the following...","ChoiceOrder":[],"Validation":{"Settings":{"Type":"None"}},"GradingData":[],"Language":[],"NextChoiceId":6,"NextAnswerId":1,"QuestionID":"QID2","DataVisibility":{"Private":false,"Hidden":false}}},{"SurveyID":"SV_2bFikSJluAYAGB7","Element":"SQ","PrimaryAttribute":"QID12","SecondaryAttribute":"\u00a0\u00a0","TertiaryAttribute":null,"Payload":{"QuestionText":"<div style=\"text-align: center;\">&nbsp;&nbsp;<img src=\"https:\/\/nlpsych.eu.qualtrics.com\/CP\/Graphic.php?IM=IM_2ufmPmjnuivoPsN\" style=\"width: 70px; height: 102px;\" \/><\/div>","DefaultChoices":false,"DataExportTag":"Dice_Outcome_Time_Pr","QuestionType":"Matrix","Selector":"Likert","SubSelector":"SingleAnswer","Configuration":{"QuestionDescriptionOption":"UseText","TextPosition":"inline","ChoiceColumnWidth":25,"RepeatHeaders":"none","WhiteSpace":"OFF","MobileFirst":true},"QuestionDescription":"\u00a0\u00a0","Choices":{"1":{"Display":"The result of my dice roll is"}},"ChoiceOrder":[1],"Validation":{"Settings":{"ForceResponse":"ON","ForceResponseType":"ON","Type":"None"}},"GradingData":[],"Language":[],"NextChoiceId":2,"NextAnswerId":7,"Answers":{"1":{"Display":"1"},"2":{"Display":"2"},"3":{"Display":"3"},"4":{"Display":"4"},"5":{"Display":"5"},"6":{"Display":"6"}},"AnswerOrder":[1,2,3,4,5,6],"ChoiceDataExportTags":false,"QuestionID":"QID12","DataVisibility":{"Private":false,"Hidden":false}}},{"SurveyID":"SV_2bFikSJluAYAGB7","Element":"SQ","PrimaryAttribute":"QID19","SecondaryAttribute":"Click to write the question text","TertiaryAttribute":null,"Payload":{"QuestionText":"Click to write the question text","DefaultChoices":false,"DataExportTag":"Q12","QuestionType":"DB","Selector":"GRB","SubSelector":"WOTXB","Configuration":{"QuestionDescriptionOption":"UseText"},"QuestionDescription":"Click to write the question text","ChoiceOrder":[],"Validation":{"Settings":{"Type":"None"}},"GradingData":[],"Language":[],"NextChoiceId":4,"NextAnswerId":1,"QuestionID":"QID19"}},{"SurveyID":"SV_2bFikSJluAYAGB7","Element":"RS","PrimaryAttribute":"RS_8Bt16QGA1cAVgSV","SecondaryAttribute":"Default Response Set","TertiaryAttribute":null,"Payload":null},{"SurveyID":"SV_2bFikSJluAYAGB7","Element":"SQ","PrimaryAttribute":"QID25","SecondaryAttribute":"First, to check that the dice you will use are fair, you and all other participants in the experi...","TertiaryAttribute":null,"Payload":{"QuestionText":"<font color=\"#000000\" face=\"Times New Roman\" size=\"3\">First, to check that the dice you will use are fair, you and all other participants in the experiment are welcome to try rolling the dice and seeing for yourself.&nbsp;<\/font>","DefaultChoices":false,"DataExportTag":"Q18","QuestionType":"DB","Selector":"TB","Configuration":{"QuestionDescriptionOption":"UseText"},"QuestionDescription":"First, to check that the dice you will use are fair, you and all other participants in the experi...","ChoiceOrder":[],"Validation":{"Settings":{"Type":"None"}},"GradingData":[],"Language":[],"NextChoiceId":4,"NextAnswerId":1,"QuestionID":"QID25"}},{"SurveyID":"SV_2bFikSJluAYAGB7","Element":"SQ","PrimaryAttribute":"QID17","SecondaryAttribute":"Man\/women","TertiaryAttribute":null,"Payload":{"QuestionText":"Man\/women","DataExportTag":"Q17","QuestionType":"MC","Selector":"SAVR","SubSelector":"TX","Configuration":{"QuestionDescriptionOption":"UseText"},"QuestionDescription":"Man\/women","Choices":{"1":{"Display":"Click to write Choice 1"},"2":{"Display":"Click to write Choice 2"},"3":{"Display":"Click to write Choice 3"}},"ChoiceOrder":["1","2","3"],"Validation":{"Settings":{"ForceResponse":"OFF","ForceResponseType":"ON","Type":"None"}},"Language":[],"NextChoiceId":4,"NextAnswerId":1,"QuestionID":"QID17"}},{"SurveyID":"SV_2bFikSJluAYAGB7","Element":"SQ","PrimaryAttribute":"QID30","SecondaryAttribute":"My dice role was fully anonymous-only I could know what I rolled.","TertiaryAttribute":null,"Payload":{"QuestionText":"My dice role was fully anonymous-only I could know what I rolled.","DataExportTag":"Q26","QuestionType":"MC","Selector":"SAVR","SubSelector":"TX","DataVisibility":{"Private":false,"Hidden":false},"Configuration":{"QuestionDescriptionOption":"UseText"},"QuestionDescription":"My dice role was fully anonymous-only I could know what I rolled.","Choices":{"1":{"Display":"Strongly do not believe"},"2":{"Display":"Do not believe"},"3":{"Display":"Neutral"},"4":{"Display":"Believe"},"5":{"Display":"Strongly believe"}},"ChoiceOrder":[1,2,3,4,5],"Validation":{"Settings":{"ForceResponse":"ON","ForceResponseType":"ON","Type":"None"}},"Language":[],"NextChoiceId":6,"NextAnswerId":1,"QuestionID":"QID30"}},{"SurveyID":"SV_2bFikSJluAYAGB7","Element":"SQ","PrimaryAttribute":"QID22","SecondaryAttribute":"Participant number","TertiaryAttribute":null,"Payload":{"QuestionText":"Participant number","DefaultChoices":false,"QuestionType":"TE","Selector":"SL","Configuration":{"QuestionDescriptionOption":"UseText"},"QuestionDescription":"Participant number","Validation":{"Settings":{"ForceResponse":"OFF","ForceResponseType":"ON","Type":"None"}},"GradingData":[],"Language":[],"NextChoiceId":4,"NextAnswerId":1,"QuestionText_Unsafe":"Participant number","DataExportTag":"Q22","QuestionID":"QID22"}},{"SurveyID":"SV_2bFikSJluAYAGB7","Element":"SQ","PrimaryAttribute":"QID26","SecondaryAttribute":"Participant number","TertiaryAttribute":null,"Payload":{"QuestionText":"Participant number","DefaultChoices":false,"DataExportTag":"Q20","QuestionType":"TE","Selector":"SL","DataVisibility":{"Private":false,"Hidden":false},"Configuration":{"QuestionDescriptionOption":"UseText","AllowFreeResponse":"false"},"QuestionDescription":"Participant number","Validation":{"Settings":{"ForceResponse":"OFF","ForceResponseType":"ON","Type":"None"}},"GradingData":[],"Language":[],"NextChoiceId":4,"NextAnswerId":1,"QuestionID":"QID26"}},{"SurveyID":"SV_2bFikSJluAYAGB7","Element":"SQ","PrimaryAttribute":"QID23","SecondaryAttribute":"Please choose the response on the scale below that indicates how well each adjective or phrase de...","TertiaryAttribute":null,"Payload":{"QuestionText":"<span style=\"font-size:16px;\">Please choose the response on the scale below that indicates how well each adjective or phrase describes your present mood.&nbsp;<\/span>","DefaultChoices":false,"QuestionType":"Matrix","Selector":"Likert","SubSelector":"SingleAnswer","Configuration":{"QuestionDescriptionOption":"UseText","TextPosition":"inline","ChoiceColumnWidth":25,"RepeatHeaders":"middle","WhiteSpace":"OFF","MobileFirst":true,"ChoiceColumnWidthPixels":421},"QuestionDescription":"Please choose the response on the scale below that indicates how well each adjective or phrase de...","Choices":{"1":{"Display":"Lively<br \/>\n<br \/>\n<em>&ldquo;<\/em><em>Full of life and energy; active and outgoing.&rdquo;<\/em><br \/>\n&nbsp;"},"2":{"Display":"Peppy<br \/>\n<br \/>\n<em>&ldquo;Lively and high-spirited.&rdquo;<\/em><br \/>\n&nbsp;"},"3":{"Display":"Happy<br \/>\n<br \/>\n&ldquo;<em>Feeling or showing pleasure or contentment.&rdquo;<\/em><br \/>\n&nbsp;"},"4":{"Display":"Loving<br \/>\n<br \/>\n<em>&ldquo;Feeling or showing love or great care.&rdquo;<\/em><br \/>\n&nbsp;"},"5":{"Display":"Caring<br \/>\n<br \/>\n<em>&ldquo;Displaying kindness and concern for others.&rdquo;<\/em><br \/>\n&nbsp;"},"6":{"Display":"Drowsy<br \/>\n<br \/>\n<em>&ldquo;Sleepy and lethargic; half asleep.&rdquo;<\/em><br \/>\n&nbsp;"},"7":{"Display":"Tired<br \/>\n<br \/>\n<em>&ldquo;In need of sleep or rest; weary.&rdquo;<\/em><br \/>\n&nbsp;"},"8":{"Display":"Nervous<br \/>\n<br \/>\n<em>&ldquo;Anxious or apprehensive&rdquo;<\/em><br \/>\n&nbsp;"},"9":{"Display":"Calm<br \/>\n<br \/>\n<em>&ldquo;Not showing or feeling nervousness, anger, or other strong emotions.&rdquo;<\/em><br \/>\n&nbsp;"},"10":{"Display":"Gloomy<br \/>\n<br \/>\n<em>&ldquo;Causing or feeling depression or despondency.&rdquo;<\/em><br \/>\n&nbsp;"},"11":{"Display":"Fed up<br \/>\n<br \/>\n<em>&ldquo;Annoyed, unhappy, or bored, especially with a situation that has existed for a long time.&rdquo;<\/em><br \/>\n&nbsp;"},"12":{"Display":"Sad<br \/>\n<br \/>\n<em>&ldquo;Feeling or showing sorrow; unhappy.&rdquo;<\/em>"},"13":{"Display":"Jittery<br \/>\n<br \/>\n&ldquo;<em>Nervous or unable to relax.&rdquo;<\/em><br \/>\n&nbsp;"},"14":{"Display":"Grouchy<br \/>\n<br \/>\n<em>&ldquo;Irritable and bad-tempered; grumpy; complaining.&rdquo;<\/em><br \/>\n&nbsp;"},"15":{"Display":"Content<br \/>\n<br \/>\n<em>&ldquo;In a state of peaceful happiness.&rdquo;<\/em><br \/>\n&nbsp;"}},"ChoiceOrder":[1,2,3,4,5,6,7,8,9,10,11,12,13,14,15],"Validation":{"Settings":{"ForceResponse":"ON","ForceResponseType":"ON","Type":"None"}},"GradingData":[],"Language":[],"NextChoiceId":16,"NextAnswerId":7,"Answers":{"1":{"Display":"Definitely do not feel"},"2":{"Display":"Do not feel"},"5":{"Display":"Slightly feel"},"3":{"Display":"Definitely feel"}},"AnswerOrder":[1,2,"5",3],"ChoiceDataExportTags":false,"QuestionText_Unsafe":"The Brief Mood Introspection Scale (BMIS)<div><br><\/div><div><br><\/div><div>INSTRUCTIONS: Choose the response on the scale below that indicates\nhow well each adjective or phrase describes your present mood.&nbsp;<\/div><div><br><\/div><div>(definitely do not feel)&nbsp; &nbsp; &nbsp; &nbsp; &nbsp; &nbsp; &nbsp;(do not feel)&nbsp; &nbsp; &nbsp; &nbsp; &nbsp; &nbsp; &nbsp; &nbsp; (slightly feel)&nbsp; &nbsp; &nbsp; &nbsp; &nbsp; &nbsp; (definitely feel)\n<br>&nbsp; &nbsp; &nbsp; &nbsp; &nbsp; &nbsp; &nbsp; &nbsp;XX&nbsp; &nbsp; &nbsp; &nbsp; &nbsp; &nbsp; &nbsp; &nbsp; &nbsp; &nbsp; &nbsp; &nbsp; &nbsp; &nbsp; &nbsp; &nbsp; &nbsp; &nbsp; X&nbsp; &nbsp; &nbsp; &nbsp; &nbsp; &nbsp; &nbsp; &nbsp; &nbsp; &nbsp; &nbsp; &nbsp; &nbsp; &nbsp; &nbsp; &nbsp; &nbsp; V&nbsp; &nbsp; &nbsp; &nbsp; &nbsp; &nbsp; &nbsp; &nbsp; &nbsp; &nbsp; &nbsp; &nbsp; &nbsp; &nbsp; &nbsp; VV<\/div><div><br><\/div><div><br><\/div><div>Mayer, J. D., &amp; Gaschke, Y. N. (1988). The experience and meta-experience of mood. Journal\nof Personality and Social Psychology, 55, 102-111<\/div>","DataExportTag":"BMIS","QuestionID":"QID23","DataVisibility":{"Private":false,"Hidden":false}}},{"SurveyID":"SV_2bFikSJluAYAGB7","Element":"SQ","PrimaryAttribute":"QID32","SecondaryAttribute":"Please explain why you feel the dice roll isn't completely anonymous.","TertiaryAttribute":null,"Payload":{"QuestionText":"Please explain why you feel the dice roll isn't completely anonymous.","DefaultChoices":false,"DataExportTag":"Q25","QuestionID":"QID32","QuestionType":"TE","Selector":"SL","Configuration":{"QuestionDescriptionOption":"UseText","AllowFreeResponse":"false"},"QuestionDescription":"Please explain why you feel the dice roll isn't completely anonymous.","Validation":{"Settings":{"ForceResponse":"ON","ForceResponseType":"ON","Type":"None"}},"GradingData":[],"Language":[],"NextChoiceId":4,"NextAnswerId":1,"DataVisibility":{"Private":false,"Hidden":false}}},{"SurveyID":"SV_2bFikSJluAYAGB7","Element":"SQ","PrimaryAttribute":"QID24","SecondaryAttribute":"Please indicate the extent to which you agree that these items are descriptive of yourself.","TertiaryAttribute":null,"Payload":{"QuestionText":"<div><span style=\"font-size:16px;\">Please indicate the extent to which you agree that these items are descriptive of yourself.<\/span><\/div>","DefaultChoices":false,"DataExportTag":"Greed","QuestionType":"Matrix","Selector":"Likert","SubSelector":"SingleAnswer","Configuration":{"QuestionDescriptionOption":"UseText","TextPosition":"inline","ChoiceColumnWidth":25,"RepeatHeaders":"none","WhiteSpace":"OFF","MobileFirst":true},"QuestionDescription":"Please indicate the extent to which you agree that these items are descriptive of yourself.","Choices":{"1":{"Display":"My life motto is: \"more is better.\""},"2":{"Display":"I always want more"},"3":{"Display":"As soon as I have acquired something I start thinking about the next thing I want"},"4":{"Display":"It doesn\u2019t matter how much I have, I\u2019m never completely satisfied."},"5":{"Display":"I can\u2019t imagine having too many things."},"6":{"Display":"One can never have too much money."},"7":{"Display":"Actually, I\u2019m kind of greedy."}},"ChoiceOrder":["1","2","3","4","5","6","7"],"Validation":{"Settings":{"ForceResponse":"ON","ForceResponseType":"ON","Type":"None"}},"GradingData":[],"Language":[],"NextChoiceId":22,"NextAnswerId":13,"Answers":{"8":{"Display":"Strongly disagree"},"9":{"Display":"Somewhat disagree"},"10":{"Display":"Neither agree nor disagree"},"11":{"Display":"Somewhat agree"},"12":{"Display":"Strongly agree"}},"AnswerOrder":["8","9","10","11","12"],"ChoiceDataExportTags":false,"QuestionID":"QID24","DataVisibility":{"Private":false,"Hidden":false}}},{"SurveyID":"SV_2bFikSJluAYAGB7","Element":"SQ","PrimaryAttribute":"QID18","SecondaryAttribute":"Please mark your gender","TertiaryAttribute":null,"Payload":{"QuestionText":"Please mark your gender","DataExportTag":"SexQ","QuestionType":"MC","Selector":"SAVR","SubSelector":"TX","Configuration":{"QuestionDescriptionOption":"UseText"},"QuestionDescription":"Please mark your gender","Choices":{"1":{"Display":"Male"},"2":{"Display":"Female"}},"ChoiceOrder":["1","2"],"Validation":{"Settings":{"ForceResponse":"ON","ForceResponseType":"ON","Type":"None"}},"Language":[],"NextChoiceId":6,"NextAnswerId":1,"QuestionID":"QID18","DataVisibility":{"Private":false,"Hidden":false}}},{"SurveyID":"SV_2bFikSJluAYAGB7","Element":"SQ","PrimaryAttribute":"QID5","SecondaryAttribute":"Please put the dice in the cup and close it with the lid. \u00a0 During this experiment you will be as..","TertiaryAttribute":null,"Payload":{"QuestionText":"<p><span style=\"font-size:16px;\">Please put the dice in the cup and close it with the lid.<\/span><\/p>\n\n<p>&nbsp;<\/p>\n\n<p><span style=\"font-size: 16px;\">During this experiment you will be asked to shake the cup strongly in order to roll the dice, while keeping the dice in the cup. After rolling the dice do not move the cup. Then l<\/span><span style=\"font-size: 16px;\">ook through the hole into the cup and observe the result of the roll.&nbsp;<\/span><\/p>\n\n<p>&nbsp;<\/p>\n\n<p><span style=\"font-size:16px;\">At the end of the experiment (once all testings of the experiment are finished), we will randomly select several participants and pay them according to the number that appeared on their dice (the number facing up). For the number 1 you will receive 2 euro,&nbsp;for the number 2 you will receive&nbsp;4 euro,&nbsp;for the number 3 you will receive&nbsp;6 euro,&nbsp;for the number 4&nbsp;you will receive 8 euro, for the number 5 you will receive 10 euro, for the number 6 you will receive 12 euro.<\/span><\/p><p><br><\/p><p><span style=\"font-size: 16px;\"><br><\/span><\/p>\n\n<p><span style=\"font-size:16px;\"><strong>Please note \u2013 Once the experiment begins, you have only 8 seconds to roll the dice and fill in the number that came up. During the experiment, a stopwatch will appear onscreen showing the time you have left to complete the task. If you exceed the time limit, you will not be eligible to receive payment for the dice under cup task.<\/strong> <\/span><span style=\"font-size:14.0pt\"><o:p><\/o:p><\/span><\/p>\n\n<p>&nbsp;<\/p>\n\n<p><span style=\"font-size:16px;\">If you have any additional questions, please raise your hand and wait for the experimenter.<\/span><\/p>\n\n<p>&nbsp;<\/p>","DefaultChoices":false,"DataExportTag":"Q5","QuestionType":"DB","Selector":"TB","Configuration":{"QuestionDescriptionOption":"UseText"},"QuestionDescription":"Please put the dice in the cup and close it with the lid. \u00a0 During this experiment you will be as...","ChoiceOrder":[],"Validation":{"Settings":{"Type":"None"}},"GradingData":[],"Language":[],"NextChoiceId":4,"NextAnswerId":1,"QuestionID":"QID5","DataVisibility":{"Private":false,"Hidden":false}}},{"SurveyID":"SV_2bFikSJluAYAGB7","Element":"SQ","PrimaryAttribute":"QID6","SecondaryAttribute":"Please put the dice in the cup and close it with the lid. \u00a0 During this experiment you will be as..","TertiaryAttribute":null,"Payload":{"QuestionText":"<p><span style=\"font-size:16px;\">Please put the dice in the cup and close it with the lid.<\/span><o:p><\/o:p><\/p>\n\n<p>&nbsp;<\/p>\n\n<p><span style=\"font-size:16px;\">During this experiment you will be asked to shake the cup strongly in order to roll the dice, while keeping the dice in the cup. After rolling the dice do not move the cup. Then l<\/span><span style=\"font-size: 16px;\">ook through the hole into the cup and observe the result of the roll.&nbsp;<\/span><\/p>\n\n<p>&nbsp;<\/p>\n\n<p><span style=\"font-size:16px;\">At the end of the experiment (once all testings of the experiment are finished), we will randomly select several participants and pay them according to the number that appeared on their dice (the number facing up).&nbsp;For the number 1 you will receive 2 euro,&nbsp;for the number 2 you will receive&nbsp;4 euro,&nbsp;for the number 3 you will receive&nbsp;6 euro,&nbsp;for the number 4&nbsp;you will receive 8 euro, for the number 5 you will receive 10 euro, for the number 6 you will receive 12 euro.<\/span><\/p><p><br><\/p>\n\n<p>&nbsp;<\/p>\n\n<p><span style=\"font-size:16px;\">If you have any additional questions, please raise your hand and wait for the experimenter.<\/span><o:p><\/o:p><\/p>\n\n<p>&nbsp;<\/p>\n\n<p>&nbsp;<\/p>","DefaultChoices":false,"DataExportTag":"Q6","QuestionType":"DB","Selector":"TB","Configuration":{"QuestionDescriptionOption":"UseText"},"QuestionDescription":"Please put the dice in the cup and close it with the lid. \u00a0 During this experiment you will be as...","ChoiceOrder":[],"Validation":{"Settings":{"Type":"None"}},"GradingData":[],"Language":[],"NextChoiceId":4,"NextAnswerId":1,"QuestionID":"QID6","DataVisibility":{"Private":false,"Hidden":false}}},{"SurveyID":"SV_2bFikSJluAYAGB7","Element":"SQ","PrimaryAttribute":"QID10","SecondaryAttribute":"Press next when you are ready to roll the dice and start the experiment.","TertiaryAttribute":null,"Payload":{"QuestionText":"<span style=\"font-size:16px;\">Press next when you are ready to roll the dice and start the experiment.<\/span>","DefaultChoices":false,"DataExportTag":"Q10","QuestionType":"DB","Selector":"TB","Configuration":{"QuestionDescriptionOption":"UseText"},"QuestionDescription":"Press next when you are ready to roll the dice and start the experiment.","ChoiceOrder":[],"Validation":{"Settings":{"Type":"None"}},"GradingData":[],"Language":[],"NextChoiceId":4,"NextAnswerId":1,"QuestionID":"QID10","DataVisibility":{"Private":false,"Hidden":false}}},{"SurveyID":"SV_2bFikSJluAYAGB7","Element":"SQ","PrimaryAttribute":"QID13","SecondaryAttribute":"Press next when you are ready to roll the dice and start the experiment.","TertiaryAttribute":null,"Payload":{"QuestionText":"<span style=\"font-size:16px;\">Press next when you are ready to roll the dice and start the experiment.<\/span>","DefaultChoices":false,"DataExportTag":"Q13","QuestionID":"QID13","QuestionType":"DB","Selector":"TB","Configuration":{"QuestionDescriptionOption":"UseText"},"QuestionDescription":"Press next when you are ready to roll the dice and start the experiment.","ChoiceOrder":[],"Validation":{"Settings":{"Type":"None"}},"GradingData":[],"Language":[],"NextChoiceId":4,"NextAnswerId":1,"DataVisibility":{"Private":false,"Hidden":false}}},{"SurveyID":"SV_2bFikSJluAYAGB7","Element":"SQ","PrimaryAttribute":"QID29","SecondaryAttribute":"Several students will receive a monetary reward for the dice under cup game. ","TertiaryAttribute":null,"Payload":{"QuestionText":"Several students will receive a monetary reward for the dice under cup game.&nbsp;","DataExportTag":"Q24","QuestionType":"MC","Selector":"SAVR","SubSelector":"TX","DataVisibility":{"Private":false,"Hidden":false},"Configuration":{"QuestionDescriptionOption":"UseText"},"QuestionDescription":"Several students will receive a monetary reward for the dice under cup game. ","Choices":{"1":{"Display":"Strongly do not believe"},"2":{"Display":"Do not believe"},"3":{"Display":"Neutral"},"4":{"Display":"Believe"},"5":{"Display":"Strongly believe"}},"ChoiceOrder":[1,2,3,4,5],"Validation":{"Settings":{"ForceResponse":"ON","ForceResponseType":"ON","Type":"None"}},"Language":[],"NextChoiceId":6,"NextAnswerId":1,"QuestionID":"QID29"}},{"SurveyID":"SV_2bFikSJluAYAGB7","Element":"SQ","PrimaryAttribute":"QID27","SecondaryAttribute":"The Brief Mood Introspection Scale (BMIS) INSTRUCTIONS: Choose the response on the scale below th...","TertiaryAttribute":null,"Payload":{"QuestionText":"The Brief Mood Introspection Scale (BMIS)<div><br><\/div><div><br><\/div><div>INSTRUCTIONS: Choose the response on the scale below that indicates\nhow well each adjective or phrase describes your present mood.&nbsp;<\/div><div><br><\/div><div>(definitely do not feel)&nbsp; &nbsp; &nbsp; &nbsp; &nbsp; &nbsp; &nbsp;(do not feel)&nbsp; &nbsp; &nbsp; &nbsp; &nbsp; &nbsp; &nbsp; &nbsp; (slightly feel)&nbsp; &nbsp; &nbsp; &nbsp; &nbsp; &nbsp; (definitely feel)\n<br>&nbsp; &nbsp; &nbsp; &nbsp; &nbsp; &nbsp; &nbsp; &nbsp;XX&nbsp; &nbsp; &nbsp; &nbsp; &nbsp; &nbsp; &nbsp; &nbsp; &nbsp; &nbsp; &nbsp; &nbsp; &nbsp; &nbsp; &nbsp; &nbsp; &nbsp; &nbsp; X&nbsp; &nbsp; &nbsp; &nbsp; &nbsp; &nbsp; &nbsp; &nbsp; &nbsp; &nbsp; &nbsp; &nbsp; &nbsp; &nbsp; &nbsp; &nbsp; &nbsp; V&nbsp; &nbsp; &nbsp; &nbsp; &nbsp; &nbsp; &nbsp; &nbsp; &nbsp; &nbsp; &nbsp; &nbsp; &nbsp; &nbsp; &nbsp; VV<\/div><div><br><\/div><div><br><\/div><div>Mayer, J. D., &amp; Gaschke, Y. N. (1988). The experience and meta-experience of mood. Journal\nof Personality and Social Psychology, 55, 102-111<\/div>","DefaultChoices":false,"DataExportTag":"Q22","QuestionType":"Matrix","Selector":"Likert","SubSelector":"SingleAnswer","DataVisibility":{"Private":false,"Hidden":false},"Configuration":{"QuestionDescriptionOption":"UseText","TextPosition":"inline","ChoiceColumnWidth":25,"ChoiceColumnWidthPixels":421,"RepeatHeaders":"none","WhiteSpace":"OFF","MobileFirst":true},"QuestionDescription":"The Brief Mood Introspection Scale (BMIS) INSTRUCTIONS: Choose the response on the scale below th...","Choices":{"1":{"Display":"Lively<br \/>\n<br \/>\n<em>&ldquo;<\/em><em>Full of life and energy; active and outgoing.&rdquo;<\/em><br \/>\n&nbsp;"},"2":{"Display":"Peppy<br \/>\n<br \/>\n<em>&ldquo;Lively and high-spirited.&rdquo;<\/em><br \/>\n&nbsp;"},"3":{"Display":"Happy<br \/>\n<br \/>\n&ldquo;<em>Feeling or showing pleasure or contentment.&rdquo;<\/em><br \/>\n&nbsp;"},"4":{"Display":"Loving<br \/>\n<br \/>\n<em>&ldquo;Feeling or showing love or great care.&rdquo;<\/em><br \/>\n&nbsp;"},"5":{"Display":"Caring<br \/>\n<br \/>\n<em>&ldquo;Displaying kindness and concern for others.&rdquo;<\/em><br \/>\n&nbsp;"},"6":{"Display":"Drowsy<br \/>\n<br \/>\n<em>&ldquo;Sleepy and lethargic; half asleep.&rdquo;<\/em><br \/>\n&nbsp;"},"7":{"Display":"Tired<br \/>\n<br \/>\n<em>&ldquo;In need of sleep or rest; weary.&rdquo;<\/em><br \/>\n&nbsp;"},"8":{"Display":"Nervous<br \/>\n<br \/>\n<em>&ldquo;Anxious or apprehensive&rdquo;<\/em><br \/>\n&nbsp;"},"9":{"Display":"Calm<br \/>\n<br \/>\n<em>&ldquo;Not showing or feeling nervousness, anger, or other strong emotions.&rdquo;<\/em><br \/>\n&nbsp;"},"10":{"Display":"Gloomy<br \/>\n<br \/>\n<em>&ldquo;Causing or feeling depression or despondency.&rdquo;<\/em><br \/>\n&nbsp;"},"11":{"Display":"Fed up<br \/>\n<br \/>\n<em>&ldquo;Annoyed, unhappy, or bored, especially with a situation that has existed for a long time.&rdquo;<\/em><br \/>\n&nbsp;"},"12":{"Display":"Sad<br \/>\n<br \/>\n<em>&ldquo;Feeling or showing sorrow; unhappy.&rdquo;<\/em>"},"13":{"Display":"Jittery<br \/>\n<br \/>\n&ldquo;<em>Nervous or unable to relax.&rdquo;<\/em><br \/>\n&nbsp;"},"14":{"Display":"Grouchy<br \/>\n<br \/>\n<em>&ldquo;Irritable and bad-tempered; grumpy; complaining.&rdquo;<\/em><br \/>\n&nbsp;"},"15":{"Display":"Content<br \/>\n<br \/>\n<em>&ldquo;In a state of peaceful happiness.&rdquo;<\/em><br \/>\n&nbsp;"}},"ChoiceOrder":[1,2,3,4,5,6,7,8,9,10,11,12,13,14,15],"Validation":{"Settings":{"ForceResponse":"OFF","ForceResponseType":"ON","Type":"None"}},"GradingData":[],"Language":[],"NextChoiceId":16,"NextAnswerId":5,"Answers":{"1":{"Display":"XX"},"2":{"Display":"X"},"3":{"Display":"V"},"4":{"Display":"VV"}},"AnswerOrder":[1,2,3,4],"ChoiceDataExportTags":false,"QuestionID":"QID27"}},{"SurveyID":"SV_2bFikSJluAYAGB7","Element":"SQ","PrimaryAttribute":"QID28","SecondaryAttribute":"The ratio between the dice roll and the possible reward is...","TertiaryAttribute":null,"Payload":{"QuestionText":"The ratio between the dice roll and the possible reward is...","DataExportTag":"Q22","QuestionType":"MC","Selector":"SAVR","SubSelector":"TX","DataVisibility":{"Private":false,"Hidden":false},"Configuration":{"QuestionDescriptionOption":"UseText"},"QuestionDescription":"The ratio between the dice roll and the possible reward is...","Choices":{"1":{"Display":"The reward (in euro) is equal to the outcome of the dice roll."},"2":{"Display":"The reward (in euro) is two times the outcome of the dice roll."},"3":{"Display":"The reward (in euro) is half of the outcome of the dice roll."},"4":{"Display":"The reward (in euro) is four times the outcome of the dice roll."}},"ChoiceOrder":[1,2,3,4],"Validation":{"Settings":{"ForceResponse":"ON","ForceResponseType":"ON","Type":"None"}},"Language":[],"NextChoiceId":5,"NextAnswerId":1,"QuestionID":"QID28"}},{"SurveyID":"SV_2bFikSJluAYAGB7","Element":"SQ","PrimaryAttribute":"QID15","SecondaryAttribute":"Timing","TertiaryAttribute":null,"Payload":{"QuestionText":"Timing","DefaultChoices":false,"DataExportTag":"Q15","QuestionType":"Timing","Selector":"PageTimer","Configuration":{"QuestionDescriptionOption":"UseText","MinSeconds":"0","MaxSeconds":0,"ShowTimer":true,"Seconds":8},"QuestionDescription":"Timing","Choices":{"1":{"Display":"First Click"},"2":{"Display":"Last Click"},"3":{"Display":"Page Submit"},"4":{"Display":"Click Count"}},"GradingData":[],"Language":[],"NextChoiceId":264,"NextAnswerId":1,"QuestionID":"QID15","DataVisibility":{"Private":false,"Hidden":false}}},{"SurveyID":"SV_2bFikSJluAYAGB7","Element":"SQ","PrimaryAttribute":"QID20","SecondaryAttribute":"Timing","TertiaryAttribute":null,"Payload":{"QuestionText":"Timing","DefaultChoices":false,"DataExportTag":"Q13","QuestionType":"Timing","Selector":"PageTimer","Configuration":{"QuestionDescriptionOption":"UseText","MinSeconds":"0","MaxSeconds":"0"},"QuestionDescription":"Timing","Choices":{"1":{"Display":"First Click"},"2":{"Display":"Last Click"},"3":{"Display":"Page Submit"},"4":{"Display":"Click Count"}},"GradingData":[],"Language":[],"NextChoiceId":16,"NextAnswerId":1,"QuestionID":"QID20"}},{"SurveyID":"SV_2bFikSJluAYAGB7","Element":"SQ","PrimaryAttribute":"QID21","SecondaryAttribute":"Timing","TertiaryAttribute":null,"Payload":{"QuestionText":"Timing","DefaultChoices":false,"DataExportTag":"Q14","QuestionType":"Timing","Selector":"PageTimer","Configuration":{"QuestionDescriptionOption":"UseText","MinSeconds":"0","MaxSeconds":"0","ShowTimer":true},"QuestionDescription":"Timing","Choices":{"1":{"Display":"First Click"},"2":{"Display":"Last Click"},"3":{"Display":"Page Submit"},"4":{"Display":"Click Count"}},"GradingData":[],"Language":[],"NextChoiceId":56,"NextAnswerId":1,"QuestionID":"QID21"}},{"SurveyID":"SV_2bFikSJluAYAGB7","Element":"SQ","PrimaryAttribute":"QID1","SecondaryAttribute":"Welcome! Please enter your participant number.","TertiaryAttribute":null,"Payload":{"QuestionText":"Welcome! Please enter your participant number.","DefaultChoices":false,"DataExportTag":"Participant Number","QuestionID":"QID1","QuestionType":"TE","Selector":"SL","DataVisibility":{"Private":false,"Hidden":false},"Configuration":{"QuestionDescriptionOption":"UseText","AllowFreeResponse":"false"},"QuestionDescription":"Welcome! Please enter your participant number.","Validation":{"Settings":{"ForceResponse":"ON","ForceResponseType":"ON","Type":"None"}},"GradingData":[],"Language":[],"NextChoiceId":4,"NextAnswerId":1}},{"SurveyID":"SV_2bFikSJluAYAGB7","Element":"SQ","PrimaryAttribute":"QID31","SecondaryAttribute":"What is the chance that you will get the reward? ","TertiaryAttribute":null,"Payload":{"QuestionText":"What is the chance that you will get the reward?&nbsp;","DefaultChoices":false,"DataExportTag":"Q28","QuestionType":"Slider","Selector":"HSLIDER","DataVisibility":{"Private":false,"Hidden":false},"Configuration":{"QuestionDescriptionOption":"UseText","CSSliderMin":0,"CSSliderMax":100,"GridLines":10,"SnapToGrid":false,"NumDecimals":"0","ShowValue":true,"CustomStart":true,"SliderStartPositions":{"1":0},"NotApplicable":false,"MobileFirst":true},"QuestionDescription":"What is the chance that you will get the reward? ","Choices":{"1":{"Display":"&nbsp;"}},"ChoiceOrder":["1"],"Validation":{"Settings":{"ForceResponse":"ON","ForceResponseType":"ON","Type":"None"}},"GradingData":[],"Language":[],"NextChoiceId":12,"NextAnswerId":1,"Labels":[],"QuestionID":"QID31"}}]}